
Microsoft Visual Studio Solution File, Format Version 12.00
# Visual Studio 15
VisualStudioVersion = 15.0.27428.2015
MinimumVisualStudioVersion = 10.0.40219.1
Project("{FAE04EC0-301F-11D3-BF4B-00C04F79EFBC}") = "AiPing", "AiPing\AiPing.csproj", "{136205B8-58F3-4425-B8BE-B7AC3765469F}"
EndProject
Global
	GlobalSection(SolutionConfigurationPlatforms) = preSolution
		Debug|Any CPU = Debug|Any CPU
		Release|Any CPU = Release|Any CPU
	EndGlobalSection
	GlobalSection(ProjectConfigurationPlatforms) = postSolution
		{136205B8-58F3-4425-B8BE-B7AC3765469F}.Debug|Any CPU.ActiveCfg = Debug|Any CPU
		{136205B8-58F3-4425-B8BE-B7AC3765469F}.Debug|Any CPU.Build.0 = Debug|Any CPU
		{136205B8-58F3-4425-B8BE-B7AC3765469F}.Release|Any CPU.ActiveCfg = Release|Any CPU
		{136205B8-58F3-4425-B8BE-B7AC3765469F}.Release|Any CPU.Build.0 = Release|Any CPU
	EndGlobalSection
	GlobalSection(SolutionProperties) = preSolution
		HideSolutionNode = FALSE
	EndGlobalSection
	GlobalSection(ExtensibilityGlobals) = postSolution
		SolutionGuid = {3EA276EA-36EC-4F71-B474-525863E094CD}
	EndGlobalSection
EndGlobal
